
Microsoft Visual Studio Solution File, Format Version 12.00
# Visual Studio Version 17
VisualStudioVersion = 17.8.34330.188
MinimumVisualStudioVersion = 10.0.40219.1
Project("{9A19103F-16F7-4668-BE54-9A1E7A4F7556}") = "HealthFirst.Core", "HealthFirst\HealthFirst.Core.csproj", "{148D87C7-F916-4F7E-B798-9E51CD7A10E1}"
EndProject
Project("{2150E333-8FDC-42A3-9474-1A3956D46DE8}") = "Presentation", "Presentation", "{45F4B573-2C47-4A4D-A513-28FFCBC28E48}"
EndProject
Project("{9A19103F-16F7-4668-BE54-9A1E7A4F7556}") = "HealthFirst.Tests", "HealthFirst.Tests\HealthFirst.Tests.csproj", "{ECA04E15-1B8E-4FB1-81B0-4F0D152AE695}"
EndProject
Project("{9A19103F-16F7-4668-BE54-9A1E7A4F7556}") = "HealthFirst.WPF", "HealthFirst.Wpf\HealthFirst.WPF.csproj", "{B16C3E98-EB66-4FFD-BE3C-ED0E3C3FC18C}"
EndProject
Project("{2150E333-8FDC-42A3-9474-1A3956D46DE8}") = "Domain", "Domain", "{CA10A8FE-3F6D-46C0-8C59-97E8F826D9F5}"
EndProject
Project("{9A19103F-16F7-4668-BE54-9A1E7A4F7556}") = "HealthFirst.Food", "HealthFirst.Food\HealthFirst.Food.csproj", "{81C44111-F367-4733-A175-D0F344067E12}"
EndProject
Project("{9A19103F-16F7-4668-BE54-9A1E7A4F7556}") = "HealthFirst.Training", "HealthFirst.Training\HealthFirst.Training.csproj", "{93A73A6B-4702-4B29-8E6A-4FED2D94130C}"
EndProject
Project("{9A19103F-16F7-4668-BE54-9A1E7A4F7556}") = "HealthFirst.App", "HealthFirst.App\HealthFirst.App.csproj", "{88F4C6C2-5618-485A-99A1-693330084944}"
EndProject
Project("{2150E333-8FDC-42A3-9474-1A3956D46DE8}") = "Persistence", "Persistence", "{E6034C48-CB6D-4D9E-A64B-A938CE5893D4}"
EndProject
Project("{FAE04EC0-301F-11D3-BF4B-00C04F79EFBC}") = "HealthFirst.Json.Core", "HealthFirst.Json.Core\HealthFirst.Json.Core.csproj", "{106F1A9A-F0B8-4CD6-BF4E-4302DBD2D4C4}"
EndProject
Project("{FAE04EC0-301F-11D3-BF4B-00C04F79EFBC}") = "HealthFirst.Json.App", "HealthFirst.Json.App\HealthFirst.Json.App.csproj", "{C4B277DC-3FD7-4A19-BB40-83D1C61E615B}"
EndProject
Project("{FAE04EC0-301F-11D3-BF4B-00C04F79EFBC}") = "HealthFirst.Todo", "HealthFirst.Todo\HealthFirst.Todo.csproj", "{F88C1C8E-1268-4DC4-B20F-651C3B14531A}"
EndProject
Global
	GlobalSection(SolutionConfigurationPlatforms) = preSolution
		Debug|Any CPU = Debug|Any CPU
		Release|Any CPU = Release|Any CPU
	EndGlobalSection
	GlobalSection(ProjectConfigurationPlatforms) = postSolution
		{148D87C7-F916-4F7E-B798-9E51CD7A10E1}.Debug|Any CPU.ActiveCfg = Debug|Any CPU
		{148D87C7-F916-4F7E-B798-9E51CD7A10E1}.Debug|Any CPU.Build.0 = Debug|Any CPU
		{148D87C7-F916-4F7E-B798-9E51CD7A10E1}.Release|Any CPU.ActiveCfg = Release|Any CPU
		{148D87C7-F916-4F7E-B798-9E51CD7A10E1}.Release|Any CPU.Build.0 = Release|Any CPU
		{ECA04E15-1B8E-4FB1-81B0-4F0D152AE695}.Debug|Any CPU.ActiveCfg = Debug|Any CPU
		{ECA04E15-1B8E-4FB1-81B0-4F0D152AE695}.Debug|Any CPU.Build.0 = Debug|Any CPU
		{ECA04E15-1B8E-4FB1-81B0-4F0D152AE695}.Release|Any CPU.ActiveCfg = Release|Any CPU
		{ECA04E15-1B8E-4FB1-81B0-4F0D152AE695}.Release|Any CPU.Build.0 = Release|Any CPU
		{B16C3E98-EB66-4FFD-BE3C-ED0E3C3FC18C}.Debug|Any CPU.ActiveCfg = Debug|Any CPU
		{B16C3E98-EB66-4FFD-BE3C-ED0E3C3FC18C}.Debug|Any CPU.Build.0 = Debug|Any CPU
		{B16C3E98-EB66-4FFD-BE3C-ED0E3C3FC18C}.Release|Any CPU.ActiveCfg = Release|Any CPU
		{B16C3E98-EB66-4FFD-BE3C-ED0E3C3FC18C}.Release|Any CPU.Build.0 = Release|Any CPU
		{81C44111-F367-4733-A175-D0F344067E12}.Debug|Any CPU.ActiveCfg = Debug|Any CPU
		{81C44111-F367-4733-A175-D0F344067E12}.Debug|Any CPU.Build.0 = Debug|Any CPU
		{81C44111-F367-4733-A175-D0F344067E12}.Release|Any CPU.ActiveCfg = Release|Any CPU
		{81C44111-F367-4733-A175-D0F344067E12}.Release|Any CPU.Build.0 = Release|Any CPU
		{93A73A6B-4702-4B29-8E6A-4FED2D94130C}.Debug|Any CPU.ActiveCfg = Debug|Any CPU
		{93A73A6B-4702-4B29-8E6A-4FED2D94130C}.Debug|Any CPU.Build.0 = Debug|Any CPU
		{93A73A6B-4702-4B29-8E6A-4FED2D94130C}.Release|Any CPU.ActiveCfg = Release|Any CPU
		{93A73A6B-4702-4B29-8E6A-4FED2D94130C}.Release|Any CPU.Build.0 = Release|Any CPU
		{88F4C6C2-5618-485A-99A1-693330084944}.Debug|Any CPU.ActiveCfg = Debug|Any CPU
		{88F4C6C2-5618-485A-99A1-693330084944}.Debug|Any CPU.Build.0 = Debug|Any CPU
		{88F4C6C2-5618-485A-99A1-693330084944}.Release|Any CPU.ActiveCfg = Release|Any CPU
		{88F4C6C2-5618-485A-99A1-693330084944}.Release|Any CPU.Build.0 = Release|Any CPU
		{106F1A9A-F0B8-4CD6-BF4E-4302DBD2D4C4}.Debug|Any CPU.ActiveCfg = Debug|Any CPU
		{106F1A9A-F0B8-4CD6-BF4E-4302DBD2D4C4}.Debug|Any CPU.Build.0 = Debug|Any CPU
		{106F1A9A-F0B8-4CD6-BF4E-4302DBD2D4C4}.Release|Any CPU.ActiveCfg = Release|Any CPU
		{106F1A9A-F0B8-4CD6-BF4E-4302DBD2D4C4}.Release|Any CPU.Build.0 = Release|Any CPU
		{C4B277DC-3FD7-4A19-BB40-83D1C61E615B}.Debug|Any CPU.ActiveCfg = Debug|Any CPU
		{C4B277DC-3FD7-4A19-BB40-83D1C61E615B}.Debug|Any CPU.Build.0 = Debug|Any CPU
		{C4B277DC-3FD7-4A19-BB40-83D1C61E615B}.Release|Any CPU.ActiveCfg = Release|Any CPU
		{C4B277DC-3FD7-4A19-BB40-83D1C61E615B}.Release|Any CPU.Build.0 = Release|Any CPU
		{F88C1C8E-1268-4DC4-B20F-651C3B14531A}.Debug|Any CPU.ActiveCfg = Debug|Any CPU
		{F88C1C8E-1268-4DC4-B20F-651C3B14531A}.Debug|Any CPU.Build.0 = Debug|Any CPU
		{F88C1C8E-1268-4DC4-B20F-651C3B14531A}.Release|Any CPU.ActiveCfg = Release|Any CPU
		{F88C1C8E-1268-4DC4-B20F-651C3B14531A}.Release|Any CPU.Build.0 = Release|Any CPU
	EndGlobalSection
	GlobalSection(SolutionProperties) = preSolution
		HideSolutionNode = FALSE
	EndGlobalSection
	GlobalSection(NestedProjects) = preSolution
		{148D87C7-F916-4F7E-B798-9E51CD7A10E1} = {CA10A8FE-3F6D-46C0-8C59-97E8F826D9F5}
		{B16C3E98-EB66-4FFD-BE3C-ED0E3C3FC18C} = {45F4B573-2C47-4A4D-A513-28FFCBC28E48}
		{81C44111-F367-4733-A175-D0F344067E12} = {CA10A8FE-3F6D-46C0-8C59-97E8F826D9F5}
		{93A73A6B-4702-4B29-8E6A-4FED2D94130C} = {CA10A8FE-3F6D-46C0-8C59-97E8F826D9F5}
		{106F1A9A-F0B8-4CD6-BF4E-4302DBD2D4C4} = {E6034C48-CB6D-4D9E-A64B-A938CE5893D4}
		{C4B277DC-3FD7-4A19-BB40-83D1C61E615B} = {E6034C48-CB6D-4D9E-A64B-A938CE5893D4}
		{F88C1C8E-1268-4DC4-B20F-651C3B14531A} = {CA10A8FE-3F6D-46C0-8C59-97E8F826D9F5}
	EndGlobalSection
	GlobalSection(ExtensibilityGlobals) = postSolution
		SolutionGuid = {B8D6DE52-B8C4-4C67-AAA8-9D6DA57B90B5}
	EndGlobalSection
EndGlobal
